{
  "name": "assets",
  "lockfileVersion": 2,
  "requires": true,
  "packages": {
    "": {
      "license": "MIT",
      "dependencies": {
        "@webcomponents/template": "^1.4.4",
        "bootstrap-sass": "3.4.1",
        "child-replace-with-polyfill": "^1.0.1",
        "classlist-polyfill": "^1.2.0",
        "core-js": "^3.6.5",
        "formdata-polyfill": "^3.0.20",
        "jquery": "3.4.0",
        "lodash": "^4.17.19",
        "luxon": "^1.8.2",
        "mdn-polyfills": "^5.20.0",
        "phoenix": "file:../deps/phoenix",
        "phoenix_html": "file:../deps/phoenix_html",
        "phoenix_live_view": "file:../deps/phoenix_live_view",
        "shim-keyboard-event-key": "^1.0.3",
        "url-search-params-polyfill": "^8.1.0"
      },
      "devDependencies": {
        "esbuild": "^0.12.24"
      }
    },
    "../deps/phoenix": {
      "version": "1.6.11",
      "integrity": "sha512-VjR27NETvrLSj8rI6DlpVAfo7pCYth/9+1OCoTof4LKEbq0141ze/tdxFHHZzVQSok3gqJUo2h/tqbxR3r8eyw==",
      "license": "MIT"
    },
    "../deps/phoenix_html": {
      "version": "3.2.0",
      "integrity": "sha512-PB41xiF7pDzUSL+iKHI4xvGPLY9tUD2C/BE7oEWcCpt3+wrNweAlhbLk2tzM7uQOTZHMyaTLs1rYytg0t5aJyw=="
    },
    "../deps/phoenix_live_view": {
      "version": "0.17.11",
      "integrity": "sha512-5KkaL/qfeQN4Ti8Hv81Z2hdaO1040Erumj4I1H5ADRDI4eRirgvFWlFgjhd43WcWVlAsOHRB/g/5PimvEc3gTA==",
      "license": "MIT"
    },
    "node_modules/@webcomponents/template": {
      "version": "1.4.4",
      "resolved": "https://registry.npmjs.org/@webcomponents/template/-/template-1.4.4.tgz",
      "integrity": "sha512-QqCmmywIKJTilkl6UIPLxEBBuqhDaOBpvQyKOnUEwl9lJuVHBrVlhMIhhnp9VSZJ6xEUnp+PiX8DST1k0q/v4Q=="
    },
    "node_modules/bootstrap-sass": {
      "version": "3.4.1",
      "resolved": "https://registry.npmjs.org/bootstrap-sass/-/bootstrap-sass-3.4.1.tgz",
      "integrity": "sha512-p5rxsK/IyEDQm2CwiHxxUi0MZZtvVFbhWmyMOt4lLkA4bujDA1TGoKT0i1FKIWiugAdP+kK8T5KMDFIKQCLYIA=="
    },
    "node_modules/child-replace-with-polyfill": {
      "version": "1.0.1",
      "resolved": "https://registry.npmjs.org/child-replace-with-polyfill/-/child-replace-with-polyfill-1.0.1.tgz",
      "integrity": "sha512-BlTZAW4YN/rb5H/LkQC9h8i/PaylFkbTPs5z0xx/j3aje/2iQqfykfYMZY9O6herPhu3DB1fG6SmJa6LtolcnQ=="
    },
    "node_modules/classlist-polyfill": {
      "version": "1.2.0",
      "resolved": "https://registry.npmjs.org/classlist-polyfill/-/classlist-polyfill-1.2.0.tgz",
      "integrity": "sha1-k1vC39lFiodrJ5YXUUY4vKqWSi4="
    },
    "node_modules/core-js": {
      "version": "3.6.5",
      "resolved": "https://registry.npmjs.org/core-js/-/core-js-3.6.5.tgz",
      "integrity": "sha512-vZVEEwZoIsI+vPEuoF9Iqf5H7/M3eeQqWlQnYa8FSKKePuYTf5MWnxb5SDAzCa60b3JBRS5g9b+Dq7b1y/RCrA==",
      "hasInstallScript": true,
      "funding": {
        "type": "opencollective",
        "url": "https://opencollective.com/core-js"
      }
    },
    "node_modules/esbuild": {
      "version": "0.12.29",
      "resolved": "https://registry.npmjs.org/esbuild/-/esbuild-0.12.29.tgz",
      "integrity": "sha512-w/XuoBCSwepyiZtIRsKsetiLDUVGPVw1E/R3VTFSecIy8UR7Cq3SOtwKHJMFoVqqVG36aGkzh4e8BvpO1Fdc7g==",
      "dev": true,
      "hasInstallScript": true,
      "bin": {
        "esbuild": "bin/esbuild"
      }
    },
    "node_modules/formdata-polyfill": {
      "version": "3.0.20",
      "resolved": "https://registry.npmjs.org/formdata-polyfill/-/formdata-polyfill-3.0.20.tgz",
      "integrity": "sha512-TAaxIEwTBdoH1TWndtUH1T0/GisUHwmOKcV5hjkR/iTatHBJSOHb563FP86Lra5nXo3iNdhK7HPwMl5Ihg71pg=="
    },
    "node_modules/jquery": {
      "version": "3.4.0",
      "resolved": "https://registry.npmjs.org/jquery/-/jquery-3.4.0.tgz",
      "integrity": "sha512-ggRCXln9zEqv6OqAGXFEcshF5dSBvCkzj6Gm2gzuR5fWawaX8t7cxKVkkygKODrDAzKdoYw3l/e3pm3vlT4IbQ=="
    },
    "node_modules/lodash": {
      "version": "4.17.19",
      "resolved": "https://registry.npmjs.org/lodash/-/lodash-4.17.19.tgz",
      "integrity": "sha512-JNvd8XER9GQX0v2qJgsaN/mzFCNA5BRe/j8JN9d+tWyGLSodKQHKFicdwNYzWwI3wjRnaKPsGj1XkBjx/F96DQ=="
    },
    "node_modules/luxon": {
      "version": "1.8.2",
      "resolved": "https://registry.npmjs.org/luxon/-/luxon-1.8.2.tgz",
      "integrity": "sha512-TPShotrkafGXEksxvEagZ1peYb9gE3ADppq8IPWG6wqYS/4k9ucRUXipBHy/PrMIfUPxy/llfsQXRvQmOXmVcA==",
      "engines": {
        "node": "*"
      }
    },
    "node_modules/mdn-polyfills": {
      "version": "5.20.0",
      "resolved": "https://registry.npmjs.org/mdn-polyfills/-/mdn-polyfills-5.20.0.tgz",
      "integrity": "sha512-AbTv1ytcoOUAkxw6u5oo2QPf27kEZgxBAQr49jFb4i2VnTnFGfJbcIQ9UDBOdfNECeXsgkYFwB2BkdeTfOzztw=="
    },
    "node_modules/phoenix": {
      "resolved": "../deps/phoenix",
      "link": true
    },
    "node_modules/phoenix_html": {
      "resolved": "../deps/phoenix_html",
      "link": true
    },
    "node_modules/phoenix_live_view": {
      "resolved": "../deps/phoenix_live_view",
      "link": true
    },
    "node_modules/shim-keyboard-event-key": {
      "version": "1.0.3",
      "resolved": "https://registry.npmjs.org/shim-keyboard-event-key/-/shim-keyboard-event-key-1.0.3.tgz",
      "integrity": "sha512-PTNRkOxDlZ2+Xz4CbKJJsh/pe1DJdaC+b4HHV02A1aEWNmwh1g9am0ZiU/ktu3uVfQrY3yDHTOVhst3xpLhw2A=="
    },
    "node_modules/url-search-params-polyfill": {
      "version": "8.1.0",
      "resolved": "https://registry.npmjs.org/url-search-params-polyfill/-/url-search-params-polyfill-8.1.0.tgz",
      "integrity": "sha512-MRG3vzXyG20BJ2fox50/9ZRoe+2h3RM7DIudVD2u/GY9MtayO1Dkrna76IUOak+uoUPVWbyR0pHCzxctP/eDYQ=="
    }
  },
  "dependencies": {
    "@webcomponents/template": {
      "version": "1.4.4",
      "resolved": "https://registry.npmjs.org/@webcomponents/template/-/template-1.4.4.tgz",
      "integrity": "sha512-QqCmmywIKJTilkl6UIPLxEBBuqhDaOBpvQyKOnUEwl9lJuVHBrVlhMIhhnp9VSZJ6xEUnp+PiX8DST1k0q/v4Q=="
    },
    "bootstrap-sass": {
      "version": "3.4.1",
      "resolved": "https://registry.npmjs.org/bootstrap-sass/-/bootstrap-sass-3.4.1.tgz",
      "integrity": "sha512-p5rxsK/IyEDQm2CwiHxxUi0MZZtvVFbhWmyMOt4lLkA4bujDA1TGoKT0i1FKIWiugAdP+kK8T5KMDFIKQCLYIA=="
    },
    "child-replace-with-polyfill": {
      "version": "1.0.1",
      "resolved": "https://registry.npmjs.org/child-replace-with-polyfill/-/child-replace-with-polyfill-1.0.1.tgz",
      "integrity": "sha512-BlTZAW4YN/rb5H/LkQC9h8i/PaylFkbTPs5z0xx/j3aje/2iQqfykfYMZY9O6herPhu3DB1fG6SmJa6LtolcnQ=="
    },
    "classlist-polyfill": {
      "version": "1.2.0",
      "resolved": "https://registry.npmjs.org/classlist-polyfill/-/classlist-polyfill-1.2.0.tgz",
      "integrity": "sha1-k1vC39lFiodrJ5YXUUY4vKqWSi4="
    },
    "core-js": {
      "version": "3.6.5",
      "resolved": "https://registry.npmjs.org/core-js/-/core-js-3.6.5.tgz",
      "integrity": "sha512-vZVEEwZoIsI+vPEuoF9Iqf5H7/M3eeQqWlQnYa8FSKKePuYTf5MWnxb5SDAzCa60b3JBRS5g9b+Dq7b1y/RCrA=="
    },
    "esbuild": {
      "version": "0.12.29",
      "resolved": "https://registry.npmjs.org/esbuild/-/esbuild-0.12.29.tgz",
      "integrity": "sha512-w/XuoBCSwepyiZtIRsKsetiLDUVGPVw1E/R3VTFSecIy8UR7Cq3SOtwKHJMFoVqqVG36aGkzh4e8BvpO1Fdc7g==",
      "dev": true
    },
    "formdata-polyfill": {
      "version": "3.0.20",
      "resolved": "https://registry.npmjs.org/formdata-polyfill/-/formdata-polyfill-3.0.20.tgz",
      "integrity": "sha512-TAaxIEwTBdoH1TWndtUH1T0/GisUHwmOKcV5hjkR/iTatHBJSOHb563FP86Lra5nXo3iNdhK7HPwMl5Ihg71pg=="
    },
    "jquery": {
      "version": "3.4.0",
      "resolved": "https://registry.npmjs.org/jquery/-/jquery-3.4.0.tgz",
      "integrity": "sha512-ggRCXln9zEqv6OqAGXFEcshF5dSBvCkzj6Gm2gzuR5fWawaX8t7cxKVkkygKODrDAzKdoYw3l/e3pm3vlT4IbQ=="
    },
    "lodash": {
      "version": "4.17.19",
      "resolved": "https://registry.npmjs.org/lodash/-/lodash-4.17.19.tgz",
      "integrity": "sha512-JNvd8XER9GQX0v2qJgsaN/mzFCNA5BRe/j8JN9d+tWyGLSodKQHKFicdwNYzWwI3wjRnaKPsGj1XkBjx/F96DQ=="
    },
    "luxon": {
      "version": "1.8.2",
      "resolved": "https://registry.npmjs.org/luxon/-/luxon-1.8.2.tgz",
      "integrity": "sha512-TPShotrkafGXEksxvEagZ1peYb9gE3ADppq8IPWG6wqYS/4k9ucRUXipBHy/PrMIfUPxy/llfsQXRvQmOXmVcA=="
    },
    "mdn-polyfills": {
      "version": "5.20.0",
      "resolved": "https://registry.npmjs.org/mdn-polyfills/-/mdn-polyfills-5.20.0.tgz",
      "integrity": "sha512-AbTv1ytcoOUAkxw6u5oo2QPf27kEZgxBAQr49jFb4i2VnTnFGfJbcIQ9UDBOdfNECeXsgkYFwB2BkdeTfOzztw=="
    },
    "phoenix": {
      "version": "file:../deps/phoenix"
    },
    "phoenix_html": {
      "version": "file:../deps/phoenix_html"
    },
    "phoenix_live_view": {
      "version": "file:../deps/phoenix_live_view"
    },
    "shim-keyboard-event-key": {
      "version": "1.0.3",
      "resolved": "https://registry.npmjs.org/shim-keyboard-event-key/-/shim-keyboard-event-key-1.0.3.tgz",
      "integrity": "sha512-PTNRkOxDlZ2+Xz4CbKJJsh/pe1DJdaC+b4HHV02A1aEWNmwh1g9am0ZiU/ktu3uVfQrY3yDHTOVhst3xpLhw2A=="
    },
    "url-search-params-polyfill": {
      "version": "8.1.0",
      "resolved": "https://registry.npmjs.org/url-search-params-polyfill/-/url-search-params-polyfill-8.1.0.tgz",
      "integrity": "sha512-MRG3vzXyG20BJ2fox50/9ZRoe+2h3RM7DIudVD2u/GY9MtayO1Dkrna76IUOak+uoUPVWbyR0pHCzxctP/eDYQ=="
    }
  }
}
